# This file was autogenerated by uv via the following command:
#    uv pip compile pyproject.toml --group dev -o requirements-dev.lock
amqp==5.3.1
    # via kombu
billiard==4.2.4
    # via celery
black==24.10.0
    # via photoprune-worker (pyproject.toml:dev)
boolean-py==5.0
    # via license-expression
cachecontrol==0.14.4
    # via pip-audit
celery==5.4.0
    # via photoprune-worker (pyproject.toml)
certifi==2026.1.4
    # via requests
charset-normalizer==3.4.4
    # via requests
click==8.3.1
    # via
    #   black
    #   celery
    #   click-didyoumean
    #   click-plugins
    #   click-repl
click-didyoumean==0.3.1
    # via celery
click-plugins==1.1.1.2
    # via celery
click-repl==0.3.0
    # via celery
coverage==7.13.1
    # via pytest-cov
cyclonedx-python-lib==11.6.0
    # via pip-audit
defusedxml==0.7.1
    # via py-serializable
filelock==3.20.3
    # via cachecontrol
idna==3.11
    # via requests
iniconfig==2.3.0
    # via pytest
kombu==5.6.2
    # via celery
librt==0.7.7
    # via mypy
license-expression==30.4.4
    # via cyclonedx-python-lib
markdown-it-py==4.0.0
    # via rich
mdurl==0.1.2
    # via markdown-it-py
msgpack==1.1.2
    # via cachecontrol
mypy==1.19.1
    # via photoprune-worker (pyproject.toml:dev)
mypy-extensions==1.1.0
    # via
    #   black
    #   mypy
packageurl-python==0.17.6
    # via cyclonedx-python-lib
packaging==25.0
    # via
    #   black
    #   kombu
    #   pip-audit
    #   pip-requirements-parser
    #   pytest
pathspec==1.0.3
    # via
    #   black
    #   mypy
pip==25.3
    # via pip-api
pip-api==0.0.34
    # via pip-audit
pip-audit==2.10.0
    # via photoprune-worker (pyproject.toml:dev)
pip-requirements-parser==32.0.1
    # via pip-audit
platformdirs==4.5.1
    # via
    #   black
    #   pip-audit
pluggy==1.6.0
    # via pytest
prompt-toolkit==3.0.52
    # via click-repl
py-serializable==2.1.0
    # via cyclonedx-python-lib
pygments==2.19.2
    # via
    #   pytest
    #   rich
pyparsing==3.3.1
    # via pip-requirements-parser
pytest==8.4.2
    # via
    #   photoprune-worker (pyproject.toml:dev)
    #   pytest-cov
pytest-cov==5.0.0
    # via photoprune-worker (pyproject.toml:dev)
python-dateutil==2.9.0.post0
    # via celery
python-dotenv==1.0.1
    # via photoprune-worker (pyproject.toml)
redis==5.0.8
    # via photoprune-worker (pyproject.toml)
requests==2.32.5
    # via
    #   cachecontrol
    #   pip-audit
rich==14.2.0
    # via pip-audit
ruff==0.14.11
    # via photoprune-worker (pyproject.toml:dev)
six==1.17.0
    # via python-dateutil
sortedcontainers==2.4.0
    # via cyclonedx-python-lib
tomli==2.4.0
    # via pip-audit
tomli-w==1.2.0
    # via pip-audit
typing-extensions==4.15.0
    # via mypy
tzdata==2025.3
    # via
    #   celery
    #   kombu
urllib3==2.6.3
    # via requests
vine==5.1.0
    # via
    #   amqp
    #   celery
    #   kombu
wcwidth==0.2.14
    # via prompt-toolkit
