# This file was autogenerated by uv via the following command:
#    uv pip compile pyproject.toml --group dev -o requirements-dev.lock
annotated-types==0.7.0
    # via pydantic
anyio==4.12.1
    # via
    #   httpx
    #   starlette
black==24.10.0
    # via photoprune-api (pyproject.toml:dev)
boolean-py==5.0
    # via license-expression
cachecontrol==0.14.4
    # via pip-audit
certifi==2026.1.4
    # via
    #   httpcore
    #   httpx
    #   requests
charset-normalizer==3.4.4
    # via requests
click==8.3.1
    # via
    #   black
    #   uvicorn
coverage==7.13.1
    # via pytest-cov
cyclonedx-python-lib==11.6.0
    # via pip-audit
defusedxml==0.7.1
    # via py-serializable
fastapi==0.114.0
    # via photoprune-api (pyproject.toml)
filelock==3.20.3
    # via cachecontrol
h11==0.16.0
    # via
    #   httpcore
    #   uvicorn
httpcore==1.0.9
    # via httpx
httpx==0.28.1
    # via photoprune-api (pyproject.toml:dev)
idna==3.11
    # via
    #   anyio
    #   httpx
    #   requests
iniconfig==2.3.0
    # via pytest
librt==0.7.7
    # via mypy
license-expression==30.4.4
    # via cyclonedx-python-lib
markdown-it-py==4.0.0
    # via rich
mdurl==0.1.2
    # via markdown-it-py
msgpack==1.1.2
    # via cachecontrol
mypy==1.19.1
    # via photoprune-api (pyproject.toml:dev)
mypy-extensions==1.1.0
    # via
    #   black
    #   mypy
packageurl-python==0.17.6
    # via cyclonedx-python-lib
packaging==25.0
    # via
    #   black
    #   pip-audit
    #   pip-requirements-parser
    #   pytest
pathspec==1.0.3
    # via
    #   black
    #   mypy
pillow==12.1.0
    # via photoprune-api (pyproject.toml)
pip==26.0
    # via pip-api
pip-api==0.0.34
    # via pip-audit
pip-audit==2.10.0
    # via photoprune-api (pyproject.toml:dev)
pip-requirements-parser==32.0.1
    # via pip-audit
platformdirs==4.5.1
    # via
    #   black
    #   pip-audit
pluggy==1.6.0
    # via pytest
py-serializable==2.1.0
    # via cyclonedx-python-lib
pydantic==2.12.5
    # via
    #   fastapi
    #   pydantic-settings
pydantic-core==2.41.5
    # via pydantic
pydantic-settings==2.4.0
    # via photoprune-api (pyproject.toml)
pygments==2.19.2
    # via
    #   pytest
    #   rich
pyparsing==3.3.1
    # via pip-requirements-parser
pytest==8.4.2
    # via
    #   photoprune-api (pyproject.toml:dev)
    #   pytest-cov
pytest-cov==5.0.0
    # via photoprune-api (pyproject.toml:dev)
python-dotenv==1.0.1
    # via
    #   photoprune-api (pyproject.toml)
    #   pydantic-settings
requests==2.32.5
    # via
    #   cachecontrol
    #   pip-audit
rich==14.2.0
    # via pip-audit
ruff==0.14.11
    # via photoprune-api (pyproject.toml:dev)
sortedcontainers==2.4.0
    # via cyclonedx-python-lib
starlette==0.38.6
    # via fastapi
tomli==2.4.0
    # via pip-audit
tomli-w==1.2.0
    # via pip-audit
typing-extensions==4.15.0
    # via
    #   fastapi
    #   mypy
    #   pydantic
    #   pydantic-core
    #   typing-inspection
typing-inspection==0.4.2
    # via pydantic
urllib3==2.6.3
    # via requests
uvicorn==0.30.6
    # via photoprune-api (pyproject.toml)
